
Microsoft Visual Studio Solution File, Format Version 12.00
# Visual Studio 2013
VisualStudioVersion = 12.0.30723.0
MinimumVisualStudioVersion = 10.0.40219.1
Project("{FAE04EC0-301F-11D3-BF4B-00C04F79EFBC}") = "MyLog", "MyLog\MyLog.csproj", "{5B413889-AF4E-4C4B-9DF3-FC20C9098818}"
EndProject
Project("{FAE04EC0-301F-11D3-BF4B-00C04F79EFBC}") = "HLog", "HLog\HLog.csproj", "{1A6BA91E-CACD-4600-A17B-86E316E27A04}"
EndProject
Project("{6141683F-8A12-4E36-9623-2EB02B2C2303}") = "Setup", "Setup\Setup.isproj", "{7A4974D7-D7BA-488D-81DF-2E0C83CC2134}"
EndProject
Global
	GlobalSection(SolutionConfigurationPlatforms) = preSolution
		CD_ROM|Any CPU = CD_ROM|Any CPU
		Debug|Any CPU = Debug|Any CPU
		DVD-5|Any CPU = DVD-5|Any CPU
		Release|Any CPU = Release|Any CPU
		SingleImage|Any CPU = SingleImage|Any CPU
	EndGlobalSection
	GlobalSection(ProjectConfigurationPlatforms) = postSolution
		{5B413889-AF4E-4C4B-9DF3-FC20C9098818}.CD_ROM|Any CPU.ActiveCfg = Release|Any CPU
		{5B413889-AF4E-4C4B-9DF3-FC20C9098818}.CD_ROM|Any CPU.Build.0 = Release|Any CPU
		{5B413889-AF4E-4C4B-9DF3-FC20C9098818}.Debug|Any CPU.ActiveCfg = Debug|Any CPU
		{5B413889-AF4E-4C4B-9DF3-FC20C9098818}.Debug|Any CPU.Build.0 = Debug|Any CPU
		{5B413889-AF4E-4C4B-9DF3-FC20C9098818}.DVD-5|Any CPU.ActiveCfg = Debug|Any CPU
		{5B413889-AF4E-4C4B-9DF3-FC20C9098818}.DVD-5|Any CPU.Build.0 = Debug|Any CPU
		{5B413889-AF4E-4C4B-9DF3-FC20C9098818}.Release|Any CPU.ActiveCfg = Release|Any CPU
		{5B413889-AF4E-4C4B-9DF3-FC20C9098818}.Release|Any CPU.Build.0 = Release|Any CPU
		{5B413889-AF4E-4C4B-9DF3-FC20C9098818}.SingleImage|Any CPU.ActiveCfg = Release|Any CPU
		{5B413889-AF4E-4C4B-9DF3-FC20C9098818}.SingleImage|Any CPU.Build.0 = Release|Any CPU
		{1A6BA91E-CACD-4600-A17B-86E316E27A04}.CD_ROM|Any CPU.ActiveCfg = Release|Any CPU
		{1A6BA91E-CACD-4600-A17B-86E316E27A04}.CD_ROM|Any CPU.Build.0 = Release|Any CPU
		{1A6BA91E-CACD-4600-A17B-86E316E27A04}.Debug|Any CPU.ActiveCfg = Debug|Any CPU
		{1A6BA91E-CACD-4600-A17B-86E316E27A04}.Debug|Any CPU.Build.0 = Debug|Any CPU
		{1A6BA91E-CACD-4600-A17B-86E316E27A04}.DVD-5|Any CPU.ActiveCfg = Debug|Any CPU
		{1A6BA91E-CACD-4600-A17B-86E316E27A04}.DVD-5|Any CPU.Build.0 = Debug|Any CPU
		{1A6BA91E-CACD-4600-A17B-86E316E27A04}.Release|Any CPU.ActiveCfg = Release|Any CPU
		{1A6BA91E-CACD-4600-A17B-86E316E27A04}.Release|Any CPU.Build.0 = Release|Any CPU
		{1A6BA91E-CACD-4600-A17B-86E316E27A04}.SingleImage|Any CPU.ActiveCfg = Release|Any CPU
		{1A6BA91E-CACD-4600-A17B-86E316E27A04}.SingleImage|Any CPU.Build.0 = Release|Any CPU
		{7A4974D7-D7BA-488D-81DF-2E0C83CC2134}.CD_ROM|Any CPU.ActiveCfg = CD_ROM
		{7A4974D7-D7BA-488D-81DF-2E0C83CC2134}.CD_ROM|Any CPU.Build.0 = CD_ROM
		{7A4974D7-D7BA-488D-81DF-2E0C83CC2134}.Debug|Any CPU.ActiveCfg = DVD-5
		{7A4974D7-D7BA-488D-81DF-2E0C83CC2134}.Debug|Any CPU.Build.0 = DVD-5
		{7A4974D7-D7BA-488D-81DF-2E0C83CC2134}.DVD-5|Any CPU.ActiveCfg = DVD-5
		{7A4974D7-D7BA-488D-81DF-2E0C83CC2134}.DVD-5|Any CPU.Build.0 = DVD-5
		{7A4974D7-D7BA-488D-81DF-2E0C83CC2134}.Release|Any CPU.ActiveCfg = SingleImage
		{7A4974D7-D7BA-488D-81DF-2E0C83CC2134}.Release|Any CPU.Build.0 = SingleImage
		{7A4974D7-D7BA-488D-81DF-2E0C83CC2134}.SingleImage|Any CPU.ActiveCfg = SingleImage
		{7A4974D7-D7BA-488D-81DF-2E0C83CC2134}.SingleImage|Any CPU.Build.0 = SingleImage
	EndGlobalSection
	GlobalSection(SolutionProperties) = preSolution
		HideSolutionNode = FALSE
	EndGlobalSection
	GlobalSection(ExtensibilityGlobals) = postSolution
		EnterpriseLibraryConfigurationToolBinariesPathV6 = packages\EnterpriseLibrary.Common.6.0.1304.0\lib\NET45;packages\EnterpriseLibrary.Data.6.0.1304.0\lib\NET45
		EnterpriseLibraryConfigurationToolBinariesPath = packages\Unity.2.1.505.0\lib\NET35;packages\Unity.Interception.2.1.505.0\lib\NET35;packages\EnterpriseLibrary.Common.5.0.505.0\lib\NET35;packages\EnterpriseLibrary.Data.5.0.505.0\lib\NET35
	EndGlobalSection
EndGlobal
